
Microsoft Visual Studio Solution File, Format Version 12.00
# Visual Studio Version 17
VisualStudioVersion = 17.0.32014.148
MinimumVisualStudioVersion = 10.0.40219.1
Project("{FAE04EC0-301F-11D3-BF4B-00C04F79EFBC}") = "SingularToPlural", "SingularToPlural\SingularToPlural.csproj", "{8CB45159-6BFE-4B1C-86CF-964DE74A0FCF}"
EndProject
Project("{FAE04EC0-301F-11D3-BF4B-00C04F79EFBC}") = "SingularToPlural.Test", "SingularToPlural.Test\SingularToPlural.Test.csproj", "{2C60A62E-EDBD-4220-82BC-8073D415B82D}"
EndProject
Global
	GlobalSection(SolutionConfigurationPlatforms) = preSolution
		Debug|Any CPU = Debug|Any CPU
		Release|Any CPU = Release|Any CPU
	EndGlobalSection
	GlobalSection(ProjectConfigurationPlatforms) = postSolution
		{8CB45159-6BFE-4B1C-86CF-964DE74A0FCF}.Debug|Any CPU.ActiveCfg = Debug|Any CPU
		{8CB45159-6BFE-4B1C-86CF-964DE74A0FCF}.Debug|Any CPU.Build.0 = Debug|Any CPU
		{8CB45159-6BFE-4B1C-86CF-964DE74A0FCF}.Release|Any CPU.ActiveCfg = Release|Any CPU
		{8CB45159-6BFE-4B1C-86CF-964DE74A0FCF}.Release|Any CPU.Build.0 = Release|Any CPU
		{2C60A62E-EDBD-4220-82BC-8073D415B82D}.Debug|Any CPU.ActiveCfg = Debug|Any CPU
		{2C60A62E-EDBD-4220-82BC-8073D415B82D}.Debug|Any CPU.Build.0 = Debug|Any CPU
		{2C60A62E-EDBD-4220-82BC-8073D415B82D}.Release|Any CPU.ActiveCfg = Release|Any CPU
		{2C60A62E-EDBD-4220-82BC-8073D415B82D}.Release|Any CPU.Build.0 = Release|Any CPU
	EndGlobalSection
	GlobalSection(SolutionProperties) = preSolution
		HideSolutionNode = FALSE
	EndGlobalSection
	GlobalSection(ExtensibilityGlobals) = postSolution
		SolutionGuid = {4A261846-CA3B-48B3-8956-9350A05E41D7}
	EndGlobalSection
EndGlobal
